
Microsoft Visual Studio Solution File, Format Version 12.00
# Visual Studio Version 16
VisualStudioVersion = 16.0.28803.352
MinimumVisualStudioVersion = 10.0.40219.1
Project("{FAE04EC0-301F-11D3-BF4B-00C04F79EFBC}") = "Rabbit", "Rabbit\Rabbit.csproj", "{6084B2AA-C753-4460-A87D-59FE854A300D}"
EndProject
Global
	GlobalSection(SolutionConfigurationPlatforms) = preSolution
		Debug|Any CPU = Debug|Any CPU
		Release|Any CPU = Release|Any CPU
	EndGlobalSection
	GlobalSection(ProjectConfigurationPlatforms) = postSolution
		{6084B2AA-C753-4460-A87D-59FE854A300D}.Debug|Any CPU.ActiveCfg = Debug|Any CPU
		{6084B2AA-C753-4460-A87D-59FE854A300D}.Debug|Any CPU.Build.0 = Debug|Any CPU
		{6084B2AA-C753-4460-A87D-59FE854A300D}.Release|Any CPU.ActiveCfg = Release|Any CPU
		{6084B2AA-C753-4460-A87D-59FE854A300D}.Release|Any CPU.Build.0 = Release|Any CPU
	EndGlobalSection
	GlobalSection(SolutionProperties) = preSolution
		HideSolutionNode = FALSE
	EndGlobalSection
	GlobalSection(ExtensibilityGlobals) = postSolution
		SolutionGuid = {83C1AF95-7295-44B3-9FE6-9A17E2B11C39}
	EndGlobalSection
EndGlobal
